
Microsoft Visual Studio Solution File, Format Version 11.00
# Visual Studio 2010
Project("{FAE04EC0-301F-11D3-BF4B-00C04F79EFBC}") = "MD5SHA1", "MD5SHA1\MD5SHA1.csproj", "{3D06DE26-8EF7-4100-8266-9E4BBCCA4C40}"
EndProject
Global
	GlobalSection(SolutionConfigurationPlatforms) = preSolution
		Debug|x86 = Debug|x86
		Release|x86 = Release|x86
	EndGlobalSection
	GlobalSection(ProjectConfigurationPlatforms) = postSolution
		{3D06DE26-8EF7-4100-8266-9E4BBCCA4C40}.Debug|x86.ActiveCfg = Debug|x86
		{3D06DE26-8EF7-4100-8266-9E4BBCCA4C40}.Debug|x86.Build.0 = Debug|x86
		{3D06DE26-8EF7-4100-8266-9E4BBCCA4C40}.Release|x86.ActiveCfg = Release|x86
		{3D06DE26-8EF7-4100-8266-9E4BBCCA4C40}.Release|x86.Build.0 = Release|x86
	EndGlobalSection
	GlobalSection(SolutionProperties) = preSolution
		HideSolutionNode = FALSE
	EndGlobalSection
EndGlobal
