
Microsoft Visual Studio Solution File, Format Version 11.00
# Visual Studio 2010
Project("{FAE04EC0-301F-11D3-BF4B-00C04F79EFBC}") = "Splashscreen", "Splashscreen\Splashscreen.csproj", "{06E83FDB-6639-48D8-8792-275BB22AE671}"
EndProject
Global
	GlobalSection(SolutionConfigurationPlatforms) = preSolution
		Debug|x86 = Debug|x86
		Release|x86 = Release|x86
	EndGlobalSection
	GlobalSection(ProjectConfigurationPlatforms) = postSolution
		{06E83FDB-6639-48D8-8792-275BB22AE671}.Debug|x86.ActiveCfg = Debug|x86
		{06E83FDB-6639-48D8-8792-275BB22AE671}.Debug|x86.Build.0 = Debug|x86
		{06E83FDB-6639-48D8-8792-275BB22AE671}.Release|x86.ActiveCfg = Release|x86
		{06E83FDB-6639-48D8-8792-275BB22AE671}.Release|x86.Build.0 = Release|x86
	EndGlobalSection
	GlobalSection(SolutionProperties) = preSolution
		HideSolutionNode = FALSE
	EndGlobalSection
EndGlobal
