
Microsoft Visual Studio Solution File, Format Version 11.00
# Visual Studio 2010
Project("{FAE04EC0-301F-11D3-BF4B-00C04F79EFBC}") = "CaptchaGenerator", "CaptchaGenerator\CaptchaGenerator.csproj", "{5FBF57AC-BA59-46ED-82BF-BBCEDD1C43BE}"
EndProject
Global
	GlobalSection(SolutionConfigurationPlatforms) = preSolution
		Debug|x86 = Debug|x86
		Release|x86 = Release|x86
	EndGlobalSection
	GlobalSection(ProjectConfigurationPlatforms) = postSolution
		{5FBF57AC-BA59-46ED-82BF-BBCEDD1C43BE}.Debug|x86.ActiveCfg = Debug|x86
		{5FBF57AC-BA59-46ED-82BF-BBCEDD1C43BE}.Debug|x86.Build.0 = Debug|x86
		{5FBF57AC-BA59-46ED-82BF-BBCEDD1C43BE}.Release|x86.ActiveCfg = Release|x86
		{5FBF57AC-BA59-46ED-82BF-BBCEDD1C43BE}.Release|x86.Build.0 = Release|x86
	EndGlobalSection
	GlobalSection(SolutionProperties) = preSolution
		HideSolutionNode = FALSE
	EndGlobalSection
EndGlobal
